<?xml version="1.0" encoding="utf-8"?>
<Project DefaultTargets="Build" ToolsVersion="4.0" xmlns="http://schemas.microsoft.com/developer/msbuild/2003">
  <PropertyGroup>
    <Configuration Condition=" '$(Configuration)' == '' ">Debug</Configuration>
    <Platform Condition=" '$(Platform)' == '' ">AnyCPU</Platform>
    <ProjectGuid>{C8924C26-F12F-4EE4-BCBF-026EF02C3F68}</ProjectGuid>
    <Compiler>DMD2</Compiler>
    <PreferOneStepBuild>true</PreferOneStepBuild>
    <UseDefaultCompiler>true</UseDefaultCompiler>
    <IncrementalLinking>true</IncrementalLinking>
  </PropertyGroup>
  <PropertyGroup Condition=" '$(Configuration)|$(Platform)' == 'Debug|AnyCPU' ">
    <DebugSymbols>true</DebugSymbols>
    <OutputPath>..\..\bin\Debug</OutputPath>
    <ObjectsDirectory>obj/Debug</ObjectsDirectory>
    <LinkinThirdPartyLibraries>false</LinkinThirdPartyLibraries>
    <UnittestMode>false</UnittestMode>
    <OutputName>libdux</OutputName>
    <Target>StaticLibrary</Target>
    <DebugLevel>0</DebugLevel>
    <ConsolePause>false</ConsolePause>
  </PropertyGroup>
  <PropertyGroup Condition=" '$(Configuration)|$(Platform)' == 'Release|AnyCPU' ">
    <OutputPath>..\..\bin\Release</OutputPath>
    <ObjectsDirectory>obj/Release</ObjectsDirectory>
    <LinkinThirdPartyLibraries>false</LinkinThirdPartyLibraries>
    <UnittestMode>false</UnittestMode>
    <OutputName>libdux</OutputName>
    <Target>StaticLibrary</Target>
    <DebugLevel>0</DebugLevel>
    <ConsolePause>false</ConsolePause>
  </PropertyGroup>
  <PropertyGroup Condition=" '$(Configuration)|$(Platform)' == 'Unittest|AnyCPU' ">
    <DebugSymbols>true</DebugSymbols>
    <OutputPath>..\..\bin\Unittest</OutputPath>
    <ObjectsDirectory>obj/Unittest</ObjectsDirectory>
    <LinkinThirdPartyLibraries>false</LinkinThirdPartyLibraries>
    <UnittestMode>true</UnittestMode>
    <OutputName>libdux</OutputName>
    <Target>Executable</Target>
    <DebugLevel>0</DebugLevel>
    <ConsolePause>false</ConsolePause>
  </PropertyGroup>
  <ItemGroup>
    <Folder Include="Component\" />
  </ItemGroup>
  <ItemGroup>
    <Compile Include="Component\Envelope.d" />
    <Compile Include="Component\Enums.d" />
    <Compile Include="Program.d" />
    <Compile Include="Component\Panpot.d" />
    <Compile Include="Utils.d" />
    <Compile Include="Component\Handle.d" />
  </ItemGroup>
</Project>